{
    "name": "angular2-express",
    "version": "1.0.0",
    "lockfileVersion": 1,
    "requires": true,
    "dependencies": {
        "@angular/common": {
            "version": "2.4.10",
            "resolved": "https://registry.npmjs.org/@angular/common/-/common-2.4.10.tgz",
            "integrity": "sha1-o6aC0iKPow7CPdDrV8joh/uiaZc="
        },
        "@angular/compiler": {
            "version": "2.4.10",
            "resolved": "https://registry.npmjs.org/@angular/compiler/-/compiler-2.4.10.tgz",
            "integrity": "sha1-9R/TSCCyoCx8th+89JhzxYBW+ww="
        },
        "@angular/compiler-cli": {
            "version": "2.4.10",
            "resolved": "https://registry.npmjs.org/@angular/compiler-cli/-/compiler-cli-2.4.10.tgz",
            "integrity": "sha1-whFDv6q0UjHI0uqoJFa+09OfkaM=",
            "requires": {
                "@angular/tsc-wrapped": "0.5.2",
                "minimist": "^1.2.0",
                "reflect-metadata": "^0.1.2"
            }
        },
        "@angular/core": {
            "version": "2.4.10",
            "resolved": "https://registry.npmjs.org/@angular/core/-/core-2.4.10.tgz",
            "integrity": "sha1-C4MgplBlll2ZhkWx9c0892m0Qeo="
        },
        "@angular/forms": {
            "version": "2.4.10",
            "resolved": "https://registry.npmjs.org/@angular/forms/-/forms-2.4.10.tgz",
            "integrity": "sha1-BiEzqq3h87PJYvFZMgjFQbYi/QY="
        },
        "@angular/http": {
            "version": "2.4.10",
            "resolved": "https://registry.npmjs.org/@angular/http/-/http-2.4.10.tgz",
            "integrity": "sha1-/2vq3ls5yYnr8jk8SbNO69Q+lVU="
        },
        "@angular/platform-browser": {
            "version": "2.4.10",
            "resolved": "https://registry.npmjs.org/@angular/platform-browser/-/platform-browser-2.4.10.tgz",
            "integrity": "sha1-y/JWCBSPtP/vlsxQBbpdez4JOQY="
        },
        "@angular/platform-browser-dynamic": {
            "version": "2.4.10",
            "resolved": "https://registry.npmjs.org/@angular/platform-browser-dynamic/-/platform-browser-dynamic-2.4.10.tgz",
            "integrity": "sha1-jfJd7CsGrcaQzJvCZEjezK682Ow="
        },
        "@angular/platform-server": {
            "version": "2.4.10",
            "resolved": "https://registry.npmjs.org/@angular/platform-server/-/platform-server-2.4.10.tgz",
            "integrity": "sha1-7eAwdQgfgH7YPdjskvKSSFj7NFU=",
            "requires": {
                "parse5": "^2.2.1"
            }
        },
        "@angular/router": {
            "version": "3.4.10",
            "resolved": "https://registry.npmjs.org/@angular/router/-/router-3.4.10.tgz",
            "integrity": "sha1-pGagkY/CiC7OGMoSvVrqKYBQ6R4="
        },
        "@angular/tsc-wrapped": {
            "version": "0.5.2",
            "resolved": "https://registry.npmjs.org/@angular/tsc-wrapped/-/tsc-wrapped-0.5.2.tgz",
            "integrity": "sha1-Lt30csRn/LM06pTe3aqnGZDFpII=",
            "requires": {
                "tsickle": "^0.2"
            }
        },
        "@types/core-js": {
            "version": "0.9.46",
            "resolved": "https://registry.npmjs.org/@types/core-js/-/core-js-0.9.46.tgz",
            "integrity": "sha512-LooLR6XHes9V+kNYRz1Qm8w3atw9QMn7XeZUmIpUelllF9BdryeUKd/u0Wh5ErcjpWfG39NrToU9MF7ngsTFVw==",
            "dev": true
        },
        "@types/node": {
            "version": "6.14.9",
            "resolved": "https://registry.npmjs.org/@types/node/-/node-6.14.9.tgz",
            "integrity": "sha512-leP/gxHunuazPdZaCvsCefPQxinqUDsCxCR5xaDUrY2MkYxQRFZZwU5e7GojyYsGB7QVtCi7iVEl/hoFXQYc+w==",
            "dev": true
        },
        "core-js": {
            "version": "2.6.11",
            "resolved": "https://registry.npmjs.org/core-js/-/core-js-2.6.11.tgz",
            "integrity": "sha512-5wjnpaT/3dV+XB4borEsnAYQchn00XSgTAWKDkEqv+K8KevjbzmofK6hfJ9TZIlpj2N0xQpazy7PiRQiWHqzWg=="
        },
        "minimist": {
            "version": "1.2.5",
            "resolved": "https://registry.npmjs.org/minimist/-/minimist-1.2.5.tgz",
            "integrity": "sha512-FM9nNUYrRBAELZQT3xeZQ7fmMOBg6nWNmJKTcgsJeaLstP/UODVpGsr5OhXhhXg6f+qtJ8uiZ+PUxkDWcgIXLw=="
        },
        "mkdirp": {
            "version": "0.5.5",
            "resolved": "https://registry.npmjs.org/mkdirp/-/mkdirp-0.5.5.tgz",
            "integrity": "sha512-NKmAlESf6jMGym1++R0Ra7wvhV+wFW63FaSOFPwRahvea0gMUcGUhVeAg/0BC0wiv9ih5NYPB1Wn1UEI1/L+xQ==",
            "requires": {
                "minimist": "^1.2.5"
            }
        },
        "parse5": {
            "version": "2.2.3",
            "resolved": "https://registry.npmjs.org/parse5/-/parse5-2.2.3.tgz",
            "integrity": "sha1-DE/EHBAAxea5PUiwP4CDg3g06fY="
        },
        "reflect-metadata": {
            "version": "0.1.13",
            "resolved": "https://registry.npmjs.org/reflect-metadata/-/reflect-metadata-0.1.13.tgz",
            "integrity": "sha512-Ts1Y/anZELhSsjMcU605fU9RE4Oi3p5ORujwbIKXfWa+0Zxs510Qrmrce5/Jowq3cHSZSJqBjypxmHarc+vEWg=="
        },
        "rxjs": {
            "version": "5.5.12",
            "resolved": "https://registry.npmjs.org/rxjs/-/rxjs-5.5.12.tgz",
            "integrity": "sha512-xx2itnL5sBbqeeiVgNPVuQQ1nC8Jp2WfNJhXWHmElW9YmrpS9UVnNzhP3EH3HFqexO5Tlp8GhYY+WEcqcVMvGw==",
            "requires": {
                "symbol-observable": "1.0.1"
            }
        },
        "source-map": {
            "version": "0.5.7",
            "resolved": "https://registry.npmjs.org/source-map/-/source-map-0.5.7.tgz",
            "integrity": "sha1-igOdLRAh0i0eoUyA2OpGi6LvP8w="
        },
        "source-map-support": {
            "version": "0.4.18",
            "resolved": "https://registry.npmjs.org/source-map-support/-/source-map-support-0.4.18.tgz",
            "integrity": "sha512-try0/JqxPLF9nOjvSta7tVondkP5dwgyLDjVoyMDlmjugT2lRZ1OfsrYTkCd2hkDnJTKRbO/Rl3orm8vlsUzbA==",
            "requires": {
                "source-map": "^0.5.6"
            }
        },
        "symbol-observable": {
            "version": "1.0.1",
            "resolved": "https://registry.npmjs.org/symbol-observable/-/symbol-observable-1.0.1.tgz",
            "integrity": "sha1-g0D8RwLDEi310iKI+IKD9RPT/dQ="
        },
        "systemjs": {
            "version": "0.19.40",
            "resolved": "https://registry.npmjs.org/systemjs/-/systemjs-0.19.40.tgz",
            "integrity": "sha1-FY9kqfTvVBp/2mtA5SfuRrbFTNA=",
            "requires": {
                "when": "^3.7.5"
            }
        },
        "tsickle": {
            "version": "0.2.6",
            "resolved": "https://registry.npmjs.org/tsickle/-/tsickle-0.2.6.tgz",
            "integrity": "sha1-rUq/kudOvfP7WqGHyoWwIGb+Ghs=",
            "requires": {
                "minimist": "^1.2.0",
                "mkdirp": "^0.5.1",
                "source-map": "^0.5.6",
                "source-map-support": "^0.4.2"
            }
        },
        "typescript": {
            "version": "2.0.2",
            "resolved": "https://registry.npmjs.org/typescript/-/typescript-2.0.2.tgz",
            "integrity": "sha1-pj+EgHRJik36fyk6/aCDXVAdlUA=",
            "dev": true
        },
        "when": {
            "version": "3.7.8",
            "resolved": "https://registry.npmjs.org/when/-/when-3.7.8.tgz",
            "integrity": "sha1-xxMLan6gRpPoQs3J56Hyqjmjn4I="
        },
        "zone.js": {
            "version": "0.7.8",
            "resolved": "https://registry.npmjs.org/zone.js/-/zone.js-0.7.8.tgz",
            "integrity": "sha1-Tz/og01EWX8mOQU6D6Q43zT//e0="
        }
    }
}
